
Microsoft Visual Studio Solution File, Format Version 12.00
# Visual Studio Version 17
VisualStudioVersion = 17.2.32630.192
MinimumVisualStudioVersion = 10.0.40219.1
Project("{FAE04EC0-301F-11D3-BF4B-00C04F79EFBC}") = "Supervisorio Bancada", "Supervisorio Real\Supervisorio Bancada.csproj", "{D698EBAA-C391-4023-8079-FF5934131FDB}"
EndProject
Global
	GlobalSection(SolutionConfigurationPlatforms) = preSolution
		Debug|Any CPU = Debug|Any CPU
		Release|Any CPU = Release|Any CPU
	EndGlobalSection
	GlobalSection(ProjectConfigurationPlatforms) = postSolution
		{D698EBAA-C391-4023-8079-FF5934131FDB}.Debug|Any CPU.ActiveCfg = Debug|Any CPU
		{D698EBAA-C391-4023-8079-FF5934131FDB}.Debug|Any CPU.Build.0 = Debug|Any CPU
		{D698EBAA-C391-4023-8079-FF5934131FDB}.Release|Any CPU.ActiveCfg = Release|Any CPU
		{D698EBAA-C391-4023-8079-FF5934131FDB}.Release|Any CPU.Build.0 = Release|Any CPU
	EndGlobalSection
	GlobalSection(SolutionProperties) = preSolution
		HideSolutionNode = FALSE
	EndGlobalSection
	GlobalSection(ExtensibilityGlobals) = postSolution
		SolutionGuid = {1923FCDD-5B7F-4803-9571-2D132969320E}
	EndGlobalSection
EndGlobal
